{
  "nodes": {
    "libfuse-fixes": {
      "flake": false,
      "locked": {
        "lastModified": 1721996235,
        "narHash": "sha256-oOpOhw1a3nqqv5TXpCcmMGhwWPfsaxUv0DT7xLZkjj4=",
        "owner": "bolives-hax",
        "repo": "libfuse",
        "rev": "66fab2b4805dd411d3f066d0c97e40582bf5c77c",
        "type": "github"
      },
      "original": {
        "owner": "bolives-hax",
        "ref": "s390x-fix",
        "repo": "libfuse",
        "type": "github"
      }
    },
    "nixlib": {
      "locked": {
        "lastModified": 1726966855,
        "narHash": "sha256-25ByioeOBFcnitO5lM/Mufnv/u7YtHEHEM8QFuiS40k=",
        "owner": "nix-community",
        "repo": "nixpkgs.lib",
        "rev": "575704ff85d3a41dc5bfef7b55380cbc7b87f3c2",
        "type": "github"
      },
      "original": {
        "owner": "nix-community",
        "repo": "nixpkgs.lib",
        "type": "github"
      }
    },
    "nixos-generators": {
      "inputs": {
        "nixlib": "nixlib",
        "nixpkgs": [
          "nixpkgs"
        ]
      },
      "locked": {
        "lastModified": 1727053438,
        "narHash": "sha256-t/+z1Tf7hSaStU1pBYkY7i0/GkG+YIPSmfeRrK8eYUw=",
        "owner": "nix-community",
        "repo": "nixos-generators",
        "rev": "e8c1cd886cc17e31e424f915efd32e84d8af0ce9",
        "type": "github"
      },
      "original": {
        "owner": "nix-community",
        "repo": "nixos-generators",
        "type": "github"
      }
    },
    "nixpkgs": {
      "locked": {
        "lastModified": 1727266909,
        "narHash": "sha256-DwngXJMHJhkDY2GIBpTX9CR1eaIIU7F1Q0V6hTTazaY=",
        "path": "/tmp/nixpkgs-p",
        "type": "path"
      },
      "original": {
        "path": "/tmp/nixpkgs-p",
        "type": "path"
      }
    },
    "root": {
      "inputs": {
        "libfuse-fixes": "libfuse-fixes",
        "nixos-generators": "nixos-generators",
        "nixpkgs": "nixpkgs"
      }
    }
  },
  "root": "root",
  "version": 7
}
