{
  "nodes": {
    "libfuse": {
      "flake": false,
      "locked": {
        "lastModified": 1721996235,
        "narHash": "sha256-oOpOhw1a3nqqv5TXpCcmMGhwWPfsaxUv0DT7xLZkjj4=",
        "owner": "bolives-hax",
        "repo": "libfuse",
        "rev": "66fab2b4805dd411d3f066d0c97e40582bf5c77c",
        "type": "github"
      },
      "original": {
        "owner": "bolives-hax",
        "ref": "s390x-fix",
        "repo": "libfuse",
        "type": "github"
      }
    },
    "nixlib": {
      "locked": {
        "lastModified": 1725152544,
        "narHash": "sha256-Tm344cnFM9f2YZsgWtJduvhIrvLr3Bi8J4Xc+UZDKYE=",
        "owner": "nix-community",
        "repo": "nixpkgs.lib",
        "rev": "7f0b9e4fbd91826cb9ce6babbc11c87903191051",
        "type": "github"
      },
      "original": {
        "owner": "nix-community",
        "repo": "nixpkgs.lib",
        "type": "github"
      }
    },
    "nixos-generators": {
      "inputs": {
        "nixlib": "nixlib",
        "nixpkgs": [
          "nixpkgs"
        ]
      },
      "locked": {
        "lastModified": 1725497951,
        "narHash": "sha256-fayKyVs/9FQdYH+3SCOkQM1GCsEPPVE+lSiVGlYQ7i0=",
        "owner": "nix-community",
        "repo": "nixos-generators",
        "rev": "15a07ebf4a041bf232026263f1f96f2af390f3bc",
        "type": "github"
      },
      "original": {
        "owner": "nix-community",
        "repo": "nixos-generators",
        "type": "github"
      }
    },
    "nixpkgs": {
      "locked": {
        "dirtyRev": "004262c7df2a714edff6588db39cd7015e9e0eb2-dirty",
        "dirtyShortRev": "004262c7d-dirty",
        "lastModified": 1725381910,
        "narHash": "sha256-OaIdhflgbdD78BJKrfFryhM5mqJ6OPlpVaCXYxP2ePo=",
        "shallow": true,
        "type": "git",
        "url": "file:///tmp/nixpkgs-p"
      },
      "original": {
        "shallow": true,
        "type": "git",
        "url": "file:///tmp/nixpkgs-p"
      }
    },
    "root": {
      "inputs": {
        "libfuse": "libfuse",
        "nixos-generators": "nixos-generators",
        "nixpkgs": "nixpkgs"
      }
    }
  },
  "root": "root",
  "version": 7
}
