{
  "nodes": {
    "libfuse-fixes": {
      "flake": false,
      "locked": {
        "lastModified": 1721996235,
        "narHash": "sha256-oOpOhw1a3nqqv5TXpCcmMGhwWPfsaxUv0DT7xLZkjj4=",
        "owner": "bolives-hax",
        "repo": "libfuse",
        "rev": "66fab2b4805dd411d3f066d0c97e40582bf5c77c",
        "type": "github"
      },
      "original": {
        "owner": "bolives-hax",
        "ref": "s390x-fix",
        "repo": "libfuse",
        "type": "github"
      }
    },
    "nixlib": {
      "locked": {
        "lastModified": 1727571693,
        "narHash": "sha256-b7sFVeqMtz8xntCL3tBY3O8suTg5PeF53LTL3eCcKyc=",
        "owner": "nix-community",
        "repo": "nixpkgs.lib",
        "rev": "bb58a3bf239e03fca9d51062e2fe028a4ea5a3d1",
        "type": "github"
      },
      "original": {
        "owner": "nix-community",
        "repo": "nixpkgs.lib",
        "type": "github"
      }
    },
    "nixos-generators": {
      "inputs": {
        "nixlib": "nixlib",
        "nixpkgs": [
          "nixpkgs"
        ]
      },
      "locked": {
        "lastModified": 1727658276,
        "narHash": "sha256-X/jGUJnxy0zms4SDvHGOray/vM0OT+3l8mz71JcB35c=",
        "owner": "nix-community",
        "repo": "nixos-generators",
        "rev": "a6353874234c45ca4bf98828dc2a067a61f9ee67",
        "type": "github"
      },
      "original": {
        "owner": "nix-community",
        "repo": "nixos-generators",
        "type": "github"
      }
    },
    "nixpkgs": {
      "locked": {
        "lastModified": 1727692238,
        "narHash": "sha256-HumkfYvowH3kaouaNOD4HTDs7sM3WmoZ8A6lHUxvc6Q=",
        "owner": "bolives-hax",
        "repo": "nixpkgs",
        "rev": "6e1d699bd0e99c7178eb76500b06175f29f66ec3",
        "type": "github"
      },
      "original": {
        "owner": "bolives-hax",
        "ref": "zz",
        "repo": "nixpkgs",
        "type": "github"
      }
    },
    "root": {
      "inputs": {
        "libfuse-fixes": "libfuse-fixes",
        "nixos-generators": "nixos-generators",
        "nixpkgs": "nixpkgs"
      }
    }
  },
  "root": "root",
  "version": 7
}
